# This file is automatically @generated by Cargo.
# It is not intended for manual editing.
version = 4

[[package]]
name = "sophia-cli"
version = "0.1.0"
dependencies = [
 "sophia-engine",
 "sophia-protocol",
 "sophia-wm-demo",
 "sophia-x-bridge",
]

[[package]]
name = "sophia-engine"
version = "0.1.0"
dependencies = [
 "sophia-protocol",
]

[[package]]
name = "sophia-protocol"
version = "0.1.0"

[[package]]
name = "sophia-wm-demo"
version = "0.1.0"
dependencies = [
 "sophia-protocol",
]

[[package]]
name = "sophia-x-bridge"
version = "0.1.0"
dependencies = [
 "sophia-protocol",
]
